
Microsoft Visual Studio Solution File, Format Version 12.00
# Visual Studio 15
VisualStudioVersion = 15.0.28307.1062
MinimumVisualStudioVersion = 10.0.40219.1
Project("{8BC9CEB8-8B4A-11D0-8D11-00A0C91BC942}") = "0302(4)", "0302(4)\0302(4).vcxproj", "{5405958B-0A54-412E-B355-6069597F44F9}"
EndProject
Global
	GlobalSection(SolutionConfigurationPlatforms) = preSolution
		Debug|x64 = Debug|x64
		Debug|x86 = Debug|x86
		Release|x64 = Release|x64
		Release|x86 = Release|x86
	EndGlobalSection
	GlobalSection(ProjectConfigurationPlatforms) = postSolution
		{5405958B-0A54-412E-B355-6069597F44F9}.Debug|x64.ActiveCfg = Debug|x64
		{5405958B-0A54-412E-B355-6069597F44F9}.Debug|x64.Build.0 = Debug|x64
		{5405958B-0A54-412E-B355-6069597F44F9}.Debug|x86.ActiveCfg = Debug|Win32
		{5405958B-0A54-412E-B355-6069597F44F9}.Debug|x86.Build.0 = Debug|Win32
		{5405958B-0A54-412E-B355-6069597F44F9}.Release|x64.ActiveCfg = Release|x64
		{5405958B-0A54-412E-B355-6069597F44F9}.Release|x64.Build.0 = Release|x64
		{5405958B-0A54-412E-B355-6069597F44F9}.Release|x86.ActiveCfg = Release|Win32
		{5405958B-0A54-412E-B355-6069597F44F9}.Release|x86.Build.0 = Release|Win32
	EndGlobalSection
	GlobalSection(SolutionProperties) = preSolution
		HideSolutionNode = FALSE
	EndGlobalSection
	GlobalSection(ExtensibilityGlobals) = postSolution
		SolutionGuid = {2597238D-CEE6-48DC-A8EF-0B10FF5B27F4}
	EndGlobalSection
EndGlobal
